// !$*UTF8*$!
{
	archiveVersion = 1;
	classes = {
	};
	objectVersion = 50;
	objects = {

/* Begin PBXBuildFile section */
		E1162E51237B588C0050A9F3 /* Availability.framework in Frameworks */ = {isa = PBXBuildFile; fileRef = E17C5BA7237B574B00F953B8 /* Availability.framework */; };
		E1162E59237B58BC0050A9F3 /* AvailabilityTests.swift in Sources */ = {isa = PBXBuildFile; fileRef = E1162E58237B58B20050A9F3 /* AvailabilityTests.swift */; };
		E1162E5B237B59D90050A9F3 /* Availability.framework in Frameworks */ = {isa = PBXBuildFile; fileRef = E17C5BA7237B574B00F953B8 /* Availability.framework */; };
		E1162E5C237B59D90050A9F3 /* Availability.framework in Embed Frameworks */ = {isa = PBXBuildFile; fileRef = E17C5BA7237B574B00F953B8 /* Availability.framework */; settings = {ATTRIBUTES = (CodeSignOnCopy, RemoveHeadersOnCopy, ); }; };
		E1162E60237B5A640050A9F3 /* CoreMotionAvailability.swift in Sources */ = {isa = PBXBuildFile; fileRef = E17C5AB1237AFCEF00F953B8 /* CoreMotionAvailability.swift */; };
		E1162E63237B62E00050A9F3 /* SystemInfo.swift in Sources */ = {isa = PBXBuildFile; fileRef = E1162E62237B62E00050A9F3 /* SystemInfo.swift */; };
		E123179E280105B800C18345 /* AvailabilityFormatter.swift in Sources */ = {isa = PBXBuildFile; fileRef = E123179D280105B800C18345 /* AvailabilityFormatter.swift */; };
		E12317A328010B7000C18345 /* ModuleInfo.swift in Sources */ = {isa = PBXBuildFile; fileRef = E12317A228010B7000C18345 /* ModuleInfo.swift */; };
		E12317A528010B8700C18345 /* ComponentInfo.swift in Sources */ = {isa = PBXBuildFile; fileRef = E12317A428010B8700C18345 /* ComponentInfo.swift */; };
		E12317A728010D9A00C18345 /* CoreLocationAvailability.swift in Sources */ = {isa = PBXBuildFile; fileRef = E12317A628010D9A00C18345 /* CoreLocationAvailability.swift */; };
		E12317A92801110700C18345 /* CoreNFCAvailability.swift in Sources */ = {isa = PBXBuildFile; fileRef = E12317A82801110700C18345 /* CoreNFCAvailability.swift */; };
		E12317AF280122CC00C18345 /* CoreNFC.framework in Frameworks */ = {isa = PBXBuildFile; fileRef = E12317AE280122CC00C18345 /* CoreNFC.framework */; settings = {ATTRIBUTES = (Weak, ); }; };
		E12317B1280188CC00C18345 /* ModuleAvailability.swift in Sources */ = {isa = PBXBuildFile; fileRef = E12317B0280188CC00C18345 /* ModuleAvailability.swift */; };
		E12317B328019C1C00C18345 /* ModelLoader.swift in Sources */ = {isa = PBXBuildFile; fileRef = E12317B228019C1C00C18345 /* ModelLoader.swift */; };
		E17C5A89237AF18000F953B8 /* AppDelegate.swift in Sources */ = {isa = PBXBuildFile; fileRef = E17C5A88237AF18000F953B8 /* AppDelegate.swift */; };
		E17C5A8B237AF18000F953B8 /* SceneDelegate.swift in Sources */ = {isa = PBXBuildFile; fileRef = E17C5A8A237AF18000F953B8 /* SceneDelegate.swift */; };
		E17C5A8D237AF18000F953B8 /* ViewController.swift in Sources */ = {isa = PBXBuildFile; fileRef = E17C5A8C237AF18000F953B8 /* ViewController.swift */; };
		E17C5A90237AF18000F953B8 /* Main.storyboard in Resources */ = {isa = PBXBuildFile; fileRef = E17C5A8E237AF18000F953B8 /* Main.storyboard */; };
		E17C5A92237AF18100F953B8 /* Assets.xcassets in Resources */ = {isa = PBXBuildFile; fileRef = E17C5A91237AF18100F953B8 /* Assets.xcassets */; };
		E17C5A95237AF18100F953B8 /* LaunchScreen.storyboard in Resources */ = {isa = PBXBuildFile; fileRef = E17C5A93237AF18100F953B8 /* LaunchScreen.storyboard */; };
		E1F6D2272800D45E00C69504 /* WikiDevice.swift in Sources */ = {isa = PBXBuildFile; fileRef = E1F6D2262800D45E00C69504 /* WikiDevice.swift */; };
		E1F6D22B2800EBE600C69504 /* AvailabilityFormatterTests.swift in Sources */ = {isa = PBXBuildFile; fileRef = E1F6D22A2800EBE600C69504 /* AvailabilityFormatterTests.swift */; };
		E1F6D22D2800EBEF00C69504 /* DeviceInfo.swift in Sources */ = {isa = PBXBuildFile; fileRef = E1F6D22C2800EBEF00C69504 /* DeviceInfo.swift */; };
		E1F6D22F2800EC4700C69504 /* Availability.swift in Sources */ = {isa = PBXBuildFile; fileRef = E1F6D22E2800EC4700C69504 /* Availability.swift */; };
/* End PBXBuildFile section */

/* Begin PBXContainerItemProxy section */
		E1162E52237B588C0050A9F3 /* PBXContainerItemProxy */ = {
			isa = PBXContainerItemProxy;
			containerPortal = E17C5A7D237AF18000F953B8 /* Project object */;
			proxyType = 1;
			remoteGlobalIDString = E17C5BA6237B574B00F953B8;
			remoteInfo = Availability;
		};
		E1162E5D237B59D90050A9F3 /* PBXContainerItemProxy */ = {
			isa = PBXContainerItemProxy;
			containerPortal = E17C5A7D237AF18000F953B8 /* Project object */;
			proxyType = 1;
			remoteGlobalIDString = E17C5BA6237B574B00F953B8;
			remoteInfo = Availability;
		};
/* End PBXContainerItemProxy section */

/* Begin PBXCopyFilesBuildPhase section */
		E1162E5F237B59DA0050A9F3 /* Embed Frameworks */ = {
			isa = PBXCopyFilesBuildPhase;
			buildActionMask = 2147483647;
			dstPath = "";
			dstSubfolderSpec = 10;
			files = (
				E1162E5C237B59D90050A9F3 /* Availability.framework in Embed Frameworks */,
			);
			name = "Embed Frameworks";
			runOnlyForDeploymentPostprocessing = 0;
		};
/* End PBXCopyFilesBuildPhase section */

/* Begin PBXFileReference section */
		E1162E4C237B588C0050A9F3 /* Tests.xctest */ = {isa = PBXFileReference; explicitFileType = wrapper.cfbundle; includeInIndex = 0; path = Tests.xctest; sourceTree = BUILT_PRODUCTS_DIR; };
		E1162E57237B58B20050A9F3 /* Info.plist */ = {isa = PBXFileReference; lastKnownFileType = text.plist.xml; path = Info.plist; sourceTree = "<group>"; };
		E1162E58237B58B20050A9F3 /* AvailabilityTests.swift */ = {isa = PBXFileReference; lastKnownFileType = sourcecode.swift; path = AvailabilityTests.swift; sourceTree = "<group>"; };
		E1162E62237B62E00050A9F3 /* SystemInfo.swift */ = {isa = PBXFileReference; lastKnownFileType = sourcecode.swift; path = SystemInfo.swift; sourceTree = "<group>"; };
		E123179D280105B800C18345 /* AvailabilityFormatter.swift */ = {isa = PBXFileReference; lastKnownFileType = sourcecode.swift; path = AvailabilityFormatter.swift; sourceTree = "<group>"; };
		E12317A228010B7000C18345 /* ModuleInfo.swift */ = {isa = PBXFileReference; lastKnownFileType = sourcecode.swift; path = ModuleInfo.swift; sourceTree = "<group>"; };
		E12317A428010B8700C18345 /* ComponentInfo.swift */ = {isa = PBXFileReference; lastKnownFileType = sourcecode.swift; path = ComponentInfo.swift; sourceTree = "<group>"; };
		E12317A628010D9A00C18345 /* CoreLocationAvailability.swift */ = {isa = PBXFileReference; lastKnownFileType = sourcecode.swift; path = CoreLocationAvailability.swift; sourceTree = "<group>"; };
		E12317A82801110700C18345 /* CoreNFCAvailability.swift */ = {isa = PBXFileReference; lastKnownFileType = sourcecode.swift; path = CoreNFCAvailability.swift; sourceTree = "<group>"; };
		E12317AA2801147200C18345 /* iOSApp.entitlements */ = {isa = PBXFileReference; lastKnownFileType = text.plist.entitlements; path = iOSApp.entitlements; sourceTree = "<group>"; };
		E12317AE280122CC00C18345 /* CoreNFC.framework */ = {isa = PBXFileReference; lastKnownFileType = wrapper.framework; name = CoreNFC.framework; path = Platforms/MacOSX.platform/Developer/SDKs/MacOSX12.3.sdk/System/iOSSupport/System/Library/Frameworks/CoreNFC.framework; sourceTree = DEVELOPER_DIR; };
		E12317B0280188CC00C18345 /* ModuleAvailability.swift */ = {isa = PBXFileReference; lastKnownFileType = sourcecode.swift; path = ModuleAvailability.swift; sourceTree = "<group>"; };
		E12317B228019C1C00C18345 /* ModelLoader.swift */ = {isa = PBXFileReference; lastKnownFileType = sourcecode.swift; path = ModelLoader.swift; sourceTree = "<group>"; };
		E17C5A85237AF18000F953B8 /* iOSApp.app */ = {isa = PBXFileReference; explicitFileType = wrapper.application; includeInIndex = 0; path = iOSApp.app; sourceTree = BUILT_PRODUCTS_DIR; };
		E17C5A88237AF18000F953B8 /* AppDelegate.swift */ = {isa = PBXFileReference; lastKnownFileType = sourcecode.swift; path = AppDelegate.swift; sourceTree = "<group>"; };
		E17C5A8A237AF18000F953B8 /* SceneDelegate.swift */ = {isa = PBXFileReference; lastKnownFileType = sourcecode.swift; path = SceneDelegate.swift; sourceTree = "<group>"; };
		E17C5A8C237AF18000F953B8 /* ViewController.swift */ = {isa = PBXFileReference; lastKnownFileType = sourcecode.swift; path = ViewController.swift; sourceTree = "<group>"; };
		E17C5A8F237AF18000F953B8 /* Base */ = {isa = PBXFileReference; lastKnownFileType = file.storyboard; name = Base; path = Base.lproj/Main.storyboard; sourceTree = "<group>"; };
		E17C5A91237AF18100F953B8 /* Assets.xcassets */ = {isa = PBXFileReference; lastKnownFileType = folder.assetcatalog; path = Assets.xcassets; sourceTree = "<group>"; };
		E17C5A94237AF18100F953B8 /* Base */ = {isa = PBXFileReference; lastKnownFileType = file.storyboard; name = Base; path = Base.lproj/LaunchScreen.storyboard; sourceTree = "<group>"; };
		E17C5A96237AF18100F953B8 /* Info.plist */ = {isa = PBXFileReference; lastKnownFileType = text.plist.xml; path = Info.plist; sourceTree = "<group>"; };
		E17C5AAE237AF39700F953B8 /* README.md */ = {isa = PBXFileReference; lastKnownFileType = net.daringfireball.markdown; path = README.md; sourceTree = "<group>"; };
		E17C5AAF237AF39700F953B8 /* LICENSE */ = {isa = PBXFileReference; lastKnownFileType = text; path = LICENSE; sourceTree = "<group>"; };
		E17C5AB0237AF3BA00F953B8 /* CHANGELOG.md */ = {isa = PBXFileReference; lastKnownFileType = net.daringfireball.markdown; path = CHANGELOG.md; sourceTree = "<group>"; };
		E17C5AB1237AFCEF00F953B8 /* CoreMotionAvailability.swift */ = {isa = PBXFileReference; lastKnownFileType = sourcecode.swift; path = CoreMotionAvailability.swift; sourceTree = "<group>"; };
		E17C5BA7237B574B00F953B8 /* Availability.framework */ = {isa = PBXFileReference; explicitFileType = wrapper.framework; includeInIndex = 0; path = Availability.framework; sourceTree = BUILT_PRODUCTS_DIR; };
		E17C5BB0237B57B200F953B8 /* Availability.h */ = {isa = PBXFileReference; lastKnownFileType = sourcecode.c.h; path = Availability.h; sourceTree = "<group>"; };
		E17C5BB1237B57B200F953B8 /* Info.plist */ = {isa = PBXFileReference; lastKnownFileType = text.plist.xml; path = Info.plist; sourceTree = "<group>"; };
		E1F6D2262800D45E00C69504 /* WikiDevice.swift */ = {isa = PBXFileReference; lastKnownFileType = sourcecode.swift; path = WikiDevice.swift; sourceTree = "<group>"; };
		E1F6D22A2800EBE600C69504 /* AvailabilityFormatterTests.swift */ = {isa = PBXFileReference; fileEncoding = 4; lastKnownFileType = sourcecode.swift; path = AvailabilityFormatterTests.swift; sourceTree = "<group>"; };
		E1F6D22C2800EBEF00C69504 /* DeviceInfo.swift */ = {isa = PBXFileReference; fileEncoding = 4; lastKnownFileType = sourcecode.swift; path = DeviceInfo.swift; sourceTree = "<group>"; };
		E1F6D22E2800EC4700C69504 /* Availability.swift */ = {isa = PBXFileReference; lastKnownFileType = sourcecode.swift; path = Availability.swift; sourceTree = "<group>"; };
/* End PBXFileReference section */

/* Begin PBXFrameworksBuildPhase section */
		E1162E49237B588C0050A9F3 /* Frameworks */ = {
			isa = PBXFrameworksBuildPhase;
			buildActionMask = 2147483647;
			files = (
				E1162E51237B588C0050A9F3 /* Availability.framework in Frameworks */,
			);
			runOnlyForDeploymentPostprocessing = 0;
		};
		E17C5A82237AF18000F953B8 /* Frameworks */ = {
			isa = PBXFrameworksBuildPhase;
			buildActionMask = 2147483647;
			files = (
				E1162E5B237B59D90050A9F3 /* Availability.framework in Frameworks */,
			);
			runOnlyForDeploymentPostprocessing = 0;
		};
		E17C5BA4237B574B00F953B8 /* Frameworks */ = {
			isa = PBXFrameworksBuildPhase;
			buildActionMask = 2147483647;
			files = (
				E12317AF280122CC00C18345 /* CoreNFC.framework in Frameworks */,
			);
			runOnlyForDeploymentPostprocessing = 0;
		};
/* End PBXFrameworksBuildPhase section */

/* Begin PBXGroup section */
		E1162E4D237B588C0050A9F3 /* Tests */ = {
			isa = PBXGroup;
			children = (
				E1162E58237B58B20050A9F3 /* AvailabilityTests.swift */,
				E1F6D22A2800EBE600C69504 /* AvailabilityFormatterTests.swift */,
				E1162E57237B58B20050A9F3 /* Info.plist */,
			);
			path = Tests;
			sourceTree = "<group>";
		};
		E1162E5A237B59D90050A9F3 /* Frameworks */ = {
			isa = PBXGroup;
			children = (
				E12317AE280122CC00C18345 /* CoreNFC.framework */,
			);
			name = Frameworks;
			sourceTree = "<group>";
		};
		E123179F28010AEC00C18345 /* DeviceInfo */ = {
			isa = PBXGroup;
			children = (
				E12317B228019C1C00C18345 /* ModelLoader.swift */,
				E1F6D2262800D45E00C69504 /* WikiDevice.swift */,
				E1162E62237B62E00050A9F3 /* SystemInfo.swift */,
			);
			path = DeviceInfo;
			sourceTree = "<group>";
		};
		E12317A028010B0900C18345 /* ModuleAvailability */ = {
			isa = PBXGroup;
			children = (
				E12317B0280188CC00C18345 /* ModuleAvailability.swift */,
				E17C5AB1237AFCEF00F953B8 /* CoreMotionAvailability.swift */,
				E12317A628010D9A00C18345 /* CoreLocationAvailability.swift */,
				E12317A82801110700C18345 /* CoreNFCAvailability.swift */,
			);
			path = ModuleAvailability;
			sourceTree = "<group>";
		};
		E12317A128010B3300C18345 /* Models */ = {
			isa = PBXGroup;
			children = (
				E1F6D22C2800EBEF00C69504 /* DeviceInfo.swift */,
				E12317A228010B7000C18345 /* ModuleInfo.swift */,
				E12317A428010B8700C18345 /* ComponentInfo.swift */,
			);
			path = Models;
			sourceTree = "<group>";
		};
		E17C5A7C237AF18000F953B8 = {
			isa = PBXGroup;
			children = (
				E17C5BA8237B574B00F953B8 /* Availability */,
				E1162E4D237B588C0050A9F3 /* Tests */,
				E17C5BA1237B565A00F953B8 /* Apps */,
				E17C5AAD237AF38000F953B8 /* Supporting */,
				E17C5A86237AF18000F953B8 /* Products */,
				E1162E5A237B59D90050A9F3 /* Frameworks */,
			);
			indentWidth = 2;
			sourceTree = "<group>";
			tabWidth = 2;
			usesTabs = 0;
		};
		E17C5A86237AF18000F953B8 /* Products */ = {
			isa = PBXGroup;
			children = (
				E17C5A85237AF18000F953B8 /* iOSApp.app */,
				E17C5BA7237B574B00F953B8 /* Availability.framework */,
				E1162E4C237B588C0050A9F3 /* Tests.xctest */,
			);
			name = Products;
			sourceTree = "<group>";
		};
		E17C5A87237AF18000F953B8 /* iOS */ = {
			isa = PBXGroup;
			children = (
				E17C5AAA237AF1C700F953B8 /* Sources */,
				E17C5AAB237AF1CD00F953B8 /* Resources */,
				E17C5AAC237AF1D600F953B8 /* Supporting */,
			);
			path = iOS;
			sourceTree = "<group>";
		};
		E17C5AAA237AF1C700F953B8 /* Sources */ = {
			isa = PBXGroup;
			children = (
				E17C5A88237AF18000F953B8 /* AppDelegate.swift */,
				E17C5A8A237AF18000F953B8 /* SceneDelegate.swift */,
				E17C5A8C237AF18000F953B8 /* ViewController.swift */,
			);
			path = Sources;
			sourceTree = "<group>";
		};
		E17C5AAB237AF1CD00F953B8 /* Resources */ = {
			isa = PBXGroup;
			children = (
				E17C5A91237AF18100F953B8 /* Assets.xcassets */,
				E17C5A8E237AF18000F953B8 /* Main.storyboard */,
				E17C5A93237AF18100F953B8 /* LaunchScreen.storyboard */,
			);
			path = Resources;
			sourceTree = "<group>";
		};
		E17C5AAC237AF1D600F953B8 /* Supporting */ = {
			isa = PBXGroup;
			children = (
				E12317AA2801147200C18345 /* iOSApp.entitlements */,
				E17C5A96237AF18100F953B8 /* Info.plist */,
			);
			name = Supporting;
			sourceTree = "<group>";
		};
		E17C5AAD237AF38000F953B8 /* Supporting */ = {
			isa = PBXGroup;
			children = (
				E17C5AAF237AF39700F953B8 /* LICENSE */,
				E17C5AAE237AF39700F953B8 /* README.md */,
				E17C5AB0237AF3BA00F953B8 /* CHANGELOG.md */,
			);
			name = Supporting;
			sourceTree = "<group>";
		};
		E17C5BA1237B565A00F953B8 /* Apps */ = {
			isa = PBXGroup;
			children = (
				E17C5A87237AF18000F953B8 /* iOS */,
			);
			path = Apps;
			sourceTree = "<group>";
		};
		E17C5BA8237B574B00F953B8 /* Availability */ = {
			isa = PBXGroup;
			children = (
				E17C5BAF237B578400F953B8 /* Sources */,
				E17C5BB2237B57BB00F953B8 /* Supporting */,
			);
			path = Availability;
			sourceTree = "<group>";
		};
		E17C5BAF237B578400F953B8 /* Sources */ = {
			isa = PBXGroup;
			children = (
				E1F6D22E2800EC4700C69504 /* Availability.swift */,
				E123179D280105B800C18345 /* AvailabilityFormatter.swift */,
				E12317A128010B3300C18345 /* Models */,
				E123179F28010AEC00C18345 /* DeviceInfo */,
				E12317A028010B0900C18345 /* ModuleAvailability */,
			);
			path = Sources;
			sourceTree = "<group>";
		};
		E17C5BB2237B57BB00F953B8 /* Supporting */ = {
			isa = PBXGroup;
			children = (
				E17C5BB0237B57B200F953B8 /* Availability.h */,
				E17C5BB1237B57B200F953B8 /* Info.plist */,
			);
			name = Supporting;
			sourceTree = "<group>";
		};
/* End PBXGroup section */

/* Begin PBXHeadersBuildPhase section */
		E17C5BA2237B574B00F953B8 /* Headers */ = {
			isa = PBXHeadersBuildPhase;
			buildActionMask = 2147483647;
			files = (
			);
			runOnlyForDeploymentPostprocessing = 0;
		};
/* End PBXHeadersBuildPhase section */

/* Begin PBXNativeTarget section */
		E1162E4B237B588C0050A9F3 /* Tests */ = {
			isa = PBXNativeTarget;
			buildConfigurationList = E1162E54237B588C0050A9F3 /* Build configuration list for PBXNativeTarget "Tests" */;
			buildPhases = (
				E1162E48237B588C0050A9F3 /* Sources */,
				E1162E49237B588C0050A9F3 /* Frameworks */,
				E1162E4A237B588C0050A9F3 /* Resources */,
			);
			buildRules = (
			);
			dependencies = (
				E1162E53237B588C0050A9F3 /* PBXTargetDependency */,
			);
			name = Tests;
			productName = Tests;
			productReference = E1162E4C237B588C0050A9F3 /* Tests.xctest */;
			productType = "com.apple.product-type.bundle.unit-test";
		};
		E17C5A84237AF18000F953B8 /* iOSApp */ = {
			isa = PBXNativeTarget;
			buildConfigurationList = E17C5AA4237AF18100F953B8 /* Build configuration list for PBXNativeTarget "iOSApp" */;
			buildPhases = (
				E17C5A81237AF18000F953B8 /* Sources */,
				E17C5A82237AF18000F953B8 /* Frameworks */,
				E17C5A83237AF18000F953B8 /* Resources */,
				E1162E5F237B59DA0050A9F3 /* Embed Frameworks */,
			);
			buildRules = (
			);
			dependencies = (
				E1162E5E237B59D90050A9F3 /* PBXTargetDependency */,
			);
			name = iOSApp;
			productName = availability;
			productReference = E17C5A85237AF18000F953B8 /* iOSApp.app */;
			productType = "com.apple.product-type.application";
		};
		E17C5BA6237B574B00F953B8 /* Availability */ = {
			isa = PBXNativeTarget;
			buildConfigurationList = E17C5BAC237B574B00F953B8 /* Build configuration list for PBXNativeTarget "Availability" */;
			buildPhases = (
				E17C5BA2237B574B00F953B8 /* Headers */,
				E17C5BA3237B574B00F953B8 /* Sources */,
				E17C5BA4237B574B00F953B8 /* Frameworks */,
				E17C5BA5237B574B00F953B8 /* Resources */,
			);
			buildRules = (
			);
			dependencies = (
			);
			name = Availability;
			productName = Availability;
			productReference = E17C5BA7237B574B00F953B8 /* Availability.framework */;
			productType = "com.apple.product-type.framework";
		};
/* End PBXNativeTarget section */

/* Begin PBXProject section */
		E17C5A7D237AF18000F953B8 /* Project object */ = {
			isa = PBXProject;
			attributes = {
				LastSwiftUpdateCheck = 1120;
				LastUpgradeCheck = 1330;
				ORGANIZATIONNAME = Reggian;
				TargetAttributes = {
					E1162E4B237B588C0050A9F3 = {
						CreatedOnToolsVersion = 11.2;
					};
					E17C5A84237AF18000F953B8 = {
						CreatedOnToolsVersion = 11.2;
					};
					E17C5BA6237B574B00F953B8 = {
						CreatedOnToolsVersion = 11.2;
					};
				};
			};
			buildConfigurationList = E17C5A80237AF18000F953B8 /* Build configuration list for PBXProject "Availability" */;
			compatibilityVersion = "Xcode 9.3";
			developmentRegion = en;
			hasScannedForEncodings = 0;
			knownRegions = (
				en,
				Base,
			);
			mainGroup = E17C5A7C237AF18000F953B8;
			productRefGroup = E17C5A86237AF18000F953B8 /* Products */;
			projectDirPath = "";
			projectRoot = "";
			targets = (
				E17C5BA6237B574B00F953B8 /* Availability */,
				E1162E4B237B588C0050A9F3 /* Tests */,
				E17C5A84237AF18000F953B8 /* iOSApp */,
			);
		};
/* End PBXProject section */

/* Begin PBXResourcesBuildPhase section */
		E1162E4A237B588C0050A9F3 /* Resources */ = {
			isa = PBXResourcesBuildPhase;
			buildActionMask = 2147483647;
			files = (
			);
			runOnlyForDeploymentPostprocessing = 0;
		};
		E17C5A83237AF18000F953B8 /* Resources */ = {
			isa = PBXResourcesBuildPhase;
			buildActionMask = 2147483647;
			files = (
				E17C5A95237AF18100F953B8 /* LaunchScreen.storyboard in Resources */,
				E17C5A92237AF18100F953B8 /* Assets.xcassets in Resources */,
				E17C5A90237AF18000F953B8 /* Main.storyboard in Resources */,
			);
			runOnlyForDeploymentPostprocessing = 0;
		};
		E17C5BA5237B574B00F953B8 /* Resources */ = {
			isa = PBXResourcesBuildPhase;
			buildActionMask = 2147483647;
			files = (
			);
			runOnlyForDeploymentPostprocessing = 0;
		};
/* End PBXResourcesBuildPhase section */

/* Begin PBXSourcesBuildPhase section */
		E1162E48237B588C0050A9F3 /* Sources */ = {
			isa = PBXSourcesBuildPhase;
			buildActionMask = 2147483647;
			files = (
				E1F6D22B2800EBE600C69504 /* AvailabilityFormatterTests.swift in Sources */,
				E1162E59237B58BC0050A9F3 /* AvailabilityTests.swift in Sources */,
			);
			runOnlyForDeploymentPostprocessing = 0;
		};
		E17C5A81237AF18000F953B8 /* Sources */ = {
			isa = PBXSourcesBuildPhase;
			buildActionMask = 2147483647;
			files = (
				E17C5A8D237AF18000F953B8 /* ViewController.swift in Sources */,
				E17C5A89237AF18000F953B8 /* AppDelegate.swift in Sources */,
				E17C5A8B237AF18000F953B8 /* SceneDelegate.swift in Sources */,
			);
			runOnlyForDeploymentPostprocessing = 0;
		};
		E17C5BA3237B574B00F953B8 /* Sources */ = {
			isa = PBXSourcesBuildPhase;
			buildActionMask = 2147483647;
			files = (
				E12317B328019C1C00C18345 /* ModelLoader.swift in Sources */,
				E12317A328010B7000C18345 /* ModuleInfo.swift in Sources */,
				E12317B1280188CC00C18345 /* ModuleAvailability.swift in Sources */,
				E12317A92801110700C18345 /* CoreNFCAvailability.swift in Sources */,
				E12317A728010D9A00C18345 /* CoreLocationAvailability.swift in Sources */,
				E1F6D22F2800EC4700C69504 /* Availability.swift in Sources */,
				E1162E60237B5A640050A9F3 /* CoreMotionAvailability.swift in Sources */,
				E1162E63237B62E00050A9F3 /* SystemInfo.swift in Sources */,
				E1F6D2272800D45E00C69504 /* WikiDevice.swift in Sources */,
				E12317A528010B8700C18345 /* ComponentInfo.swift in Sources */,
				E1F6D22D2800EBEF00C69504 /* DeviceInfo.swift in Sources */,
				E123179E280105B800C18345 /* AvailabilityFormatter.swift in Sources */,
			);
			runOnlyForDeploymentPostprocessing = 0;
		};
/* End PBXSourcesBuildPhase section */

/* Begin PBXTargetDependency section */
		E1162E53237B588C0050A9F3 /* PBXTargetDependency */ = {
			isa = PBXTargetDependency;
			target = E17C5BA6237B574B00F953B8 /* Availability */;
			targetProxy = E1162E52237B588C0050A9F3 /* PBXContainerItemProxy */;
		};
		E1162E5E237B59D90050A9F3 /* PBXTargetDependency */ = {
			isa = PBXTargetDependency;
			target = E17C5BA6237B574B00F953B8 /* Availability */;
			targetProxy = E1162E5D237B59D90050A9F3 /* PBXContainerItemProxy */;
		};
/* End PBXTargetDependency section */

/* Begin PBXVariantGroup section */
		E17C5A8E237AF18000F953B8 /* Main.storyboard */ = {
			isa = PBXVariantGroup;
			children = (
				E17C5A8F237AF18000F953B8 /* Base */,
			);
			name = Main.storyboard;
			sourceTree = "<group>";
		};
		E17C5A93237AF18100F953B8 /* LaunchScreen.storyboard */ = {
			isa = PBXVariantGroup;
			children = (
				E17C5A94237AF18100F953B8 /* Base */,
			);
			name = LaunchScreen.storyboard;
			sourceTree = "<group>";
		};
/* End PBXVariantGroup section */

/* Begin XCBuildConfiguration section */
		E1162E55237B588C0050A9F3 /* Debug */ = {
			isa = XCBuildConfiguration;
			buildSettings = {
				ALWAYS_EMBED_SWIFT_STANDARD_LIBRARIES = YES;
				CODE_SIGN_STYLE = Automatic;
				COMBINE_HIDPI_IMAGES = YES;
				DEVELOPMENT_TEAM = "";
				INFOPLIST_FILE = Tests/Info.plist;
				LD_RUNPATH_SEARCH_PATHS = (
					"$(inherited)",
					"@executable_path/../Frameworks",
					"@loader_path/../Frameworks",
				);
				MACOSX_DEPLOYMENT_TARGET = 10.14;
				PRODUCT_BUNDLE_IDENTIFIER = reggian.cocoa.availability.Tests;
				PRODUCT_NAME = "$(TARGET_NAME)";
				SDKROOT = iphoneos;
				SWIFT_VERSION = 5.0;
			};
			name = Debug;
		};
		E1162E56237B588C0050A9F3 /* Release */ = {
			isa = XCBuildConfiguration;
			buildSettings = {
				ALWAYS_EMBED_SWIFT_STANDARD_LIBRARIES = YES;
				CODE_SIGN_STYLE = Automatic;
				COMBINE_HIDPI_IMAGES = YES;
				DEVELOPMENT_TEAM = "";
				INFOPLIST_FILE = Tests/Info.plist;
				LD_RUNPATH_SEARCH_PATHS = (
					"$(inherited)",
					"@executable_path/../Frameworks",
					"@loader_path/../Frameworks",
				);
				MACOSX_DEPLOYMENT_TARGET = 10.14;
				PRODUCT_BUNDLE_IDENTIFIER = reggian.cocoa.availability.Tests;
				PRODUCT_NAME = "$(TARGET_NAME)";
				SDKROOT = iphoneos;
				SWIFT_VERSION = 5.0;
			};
			name = Release;
		};
		E17C5AA2237AF18100F953B8 /* Debug */ = {
			isa = XCBuildConfiguration;
			buildSettings = {
				ALWAYS_SEARCH_USER_PATHS = NO;
				CLANG_ANALYZER_NONNULL = YES;
				CLANG_ANALYZER_NUMBER_OBJECT_CONVERSION = YES_AGGRESSIVE;
				CLANG_CXX_LANGUAGE_STANDARD = "gnu++14";
				CLANG_CXX_LIBRARY = "libc++";
				CLANG_ENABLE_MODULES = YES;
				CLANG_ENABLE_OBJC_ARC = YES;
				CLANG_ENABLE_OBJC_WEAK = YES;
				CLANG_WARN_BLOCK_CAPTURE_AUTORELEASING = YES;
				CLANG_WARN_BOOL_CONVERSION = YES;
				CLANG_WARN_COMMA = YES;
				CLANG_WARN_CONSTANT_CONVERSION = YES;
				CLANG_WARN_DEPRECATED_OBJC_IMPLEMENTATIONS = YES;
				CLANG_WARN_DIRECT_OBJC_ISA_USAGE = YES_ERROR;
				CLANG_WARN_DOCUMENTATION_COMMENTS = YES;
				CLANG_WARN_EMPTY_BODY = YES;
				CLANG_WARN_ENUM_CONVERSION = YES;
				CLANG_WARN_INFINITE_RECURSION = YES;
				CLANG_WARN_INT_CONVERSION = YES;
				CLANG_WARN_NON_LITERAL_NULL_CONVERSION = YES;
				CLANG_WARN_OBJC_IMPLICIT_RETAIN_SELF = YES;
				CLANG_WARN_OBJC_LITERAL_CONVERSION = YES;
				CLANG_WARN_OBJC_ROOT_CLASS = YES_ERROR;
				CLANG_WARN_QUOTED_INCLUDE_IN_FRAMEWORK_HEADER = YES;
				CLANG_WARN_RANGE_LOOP_ANALYSIS = YES;
				CLANG_WARN_STRICT_PROTOTYPES = YES;
				CLANG_WARN_SUSPICIOUS_MOVE = YES;
				CLANG_WARN_UNGUARDED_AVAILABILITY = YES_AGGRESSIVE;
				CLANG_WARN_UNREACHABLE_CODE = YES;
				CLANG_WARN__DUPLICATE_METHOD_MATCH = YES;
				COPY_PHASE_STRIP = NO;
				CURRENT_PROJECT_VERSION = 1;
				DEBUG_INFORMATION_FORMAT = dwarf;
				ENABLE_STRICT_OBJC_MSGSEND = YES;
				ENABLE_TESTABILITY = YES;
				GCC_C_LANGUAGE_STANDARD = gnu11;
				GCC_DYNAMIC_NO_PIC = NO;
				GCC_NO_COMMON_BLOCKS = YES;
				GCC_OPTIMIZATION_LEVEL = 0;
				GCC_PREPROCESSOR_DEFINITIONS = (
					"DEBUG=1",
					"$(inherited)",
				);
				GCC_WARN_64_TO_32_BIT_CONVERSION = YES;
				GCC_WARN_ABOUT_RETURN_TYPE = YES_ERROR;
				GCC_WARN_UNDECLARED_SELECTOR = YES;
				GCC_WARN_UNINITIALIZED_AUTOS = YES_AGGRESSIVE;
				GCC_WARN_UNUSED_FUNCTION = YES;
				GCC_WARN_UNUSED_VARIABLE = YES;
				IPHONEOS_DEPLOYMENT_TARGET = 11.0;
				MTL_ENABLE_DEBUG_INFO = INCLUDE_SOURCE;
				MTL_FAST_MATH = YES;
				ONLY_ACTIVE_ARCH = YES;
				SDKROOT = iphoneos;
				SWIFT_ACTIVE_COMPILATION_CONDITIONS = DEBUG;
				SWIFT_OPTIMIZATION_LEVEL = "-Onone";
				VERSIONING_SYSTEM = "apple-generic";
			};
			name = Debug;
		};
		E17C5AA3237AF18100F953B8 /* Release */ = {
			isa = XCBuildConfiguration;
			buildSettings = {
				ALWAYS_SEARCH_USER_PATHS = NO;
				CLANG_ANALYZER_NONNULL = YES;
				CLANG_ANALYZER_NUMBER_OBJECT_CONVERSION = YES_AGGRESSIVE;
				CLANG_CXX_LANGUAGE_STANDARD = "gnu++14";
				CLANG_CXX_LIBRARY = "libc++";
				CLANG_ENABLE_MODULES = YES;
				CLANG_ENABLE_OBJC_ARC = YES;
				CLANG_ENABLE_OBJC_WEAK = YES;
				CLANG_WARN_BLOCK_CAPTURE_AUTORELEASING = YES;
				CLANG_WARN_BOOL_CONVERSION = YES;
				CLANG_WARN_COMMA = YES;
				CLANG_WARN_CONSTANT_CONVERSION = YES;
				CLANG_WARN_DEPRECATED_OBJC_IMPLEMENTATIONS = YES;
				CLANG_WARN_DIRECT_OBJC_ISA_USAGE = YES_ERROR;
				CLANG_WARN_DOCUMENTATION_COMMENTS = YES;
				CLANG_WARN_EMPTY_BODY = YES;
				CLANG_WARN_ENUM_CONVERSION = YES;
				CLANG_WARN_INFINITE_RECURSION = YES;
				CLANG_WARN_INT_CONVERSION = YES;
				CLANG_WARN_NON_LITERAL_NULL_CONVERSION = YES;
				CLANG_WARN_OBJC_IMPLICIT_RETAIN_SELF = YES;
				CLANG_WARN_OBJC_LITERAL_CONVERSION = YES;
				CLANG_WARN_OBJC_ROOT_CLASS = YES_ERROR;
				CLANG_WARN_QUOTED_INCLUDE_IN_FRAMEWORK_HEADER = YES;
				CLANG_WARN_RANGE_LOOP_ANALYSIS = YES;
				CLANG_WARN_STRICT_PROTOTYPES = YES;
				CLANG_WARN_SUSPICIOUS_MOVE = YES;
				CLANG_WARN_UNGUARDED_AVAILABILITY = YES_AGGRESSIVE;
				CLANG_WARN_UNREACHABLE_CODE = YES;
				CLANG_WARN__DUPLICATE_METHOD_MATCH = YES;
				COPY_PHASE_STRIP = NO;
				CURRENT_PROJECT_VERSION = 1;
				DEBUG_INFORMATION_FORMAT = "dwarf-with-dsym";
				ENABLE_NS_ASSERTIONS = NO;
				ENABLE_STRICT_OBJC_MSGSEND = YES;
				GCC_C_LANGUAGE_STANDARD = gnu11;
				GCC_NO_COMMON_BLOCKS = YES;
				GCC_WARN_64_TO_32_BIT_CONVERSION = YES;
				GCC_WARN_ABOUT_RETURN_TYPE = YES_ERROR;
				GCC_WARN_UNDECLARED_SELECTOR = YES;
				GCC_WARN_UNINITIALIZED_AUTOS = YES_AGGRESSIVE;
				GCC_WARN_UNUSED_FUNCTION = YES;
				GCC_WARN_UNUSED_VARIABLE = YES;
				IPHONEOS_DEPLOYMENT_TARGET = 11.0;
				MTL_ENABLE_DEBUG_INFO = NO;
				MTL_FAST_MATH = YES;
				SDKROOT = iphoneos;
				SWIFT_COMPILATION_MODE = wholemodule;
				SWIFT_OPTIMIZATION_LEVEL = "-O";
				VALIDATE_PRODUCT = YES;
				VERSIONING_SYSTEM = "apple-generic";
			};
			name = Release;
		};
		E17C5AA5237AF18100F953B8 /* Debug */ = {
			isa = XCBuildConfiguration;
			buildSettings = {
				ALWAYS_EMBED_SWIFT_STANDARD_LIBRARIES = YES;
				ASSETCATALOG_COMPILER_APPICON_NAME = AppIcon;
				CODE_SIGN_ENTITLEMENTS = Apps/iOS/iOSApp.entitlements;
				CODE_SIGN_STYLE = Automatic;
				DEVELOPMENT_TEAM = "";
				INFOPLIST_FILE = Apps/iOS/Info.plist;
				LD_RUNPATH_SEARCH_PATHS = (
					"$(inherited)",
					"@executable_path/Frameworks",
				);
				PRODUCT_BUNDLE_IDENTIFIER = reggian.ios.availability;
				PRODUCT_NAME = "$(TARGET_NAME)";
				SWIFT_VERSION = 5.0;
				TARGETED_DEVICE_FAMILY = "1,2";
			};
			name = Debug;
		};
		E17C5AA6237AF18100F953B8 /* Release */ = {
			isa = XCBuildConfiguration;
			buildSettings = {
				ALWAYS_EMBED_SWIFT_STANDARD_LIBRARIES = YES;
				ASSETCATALOG_COMPILER_APPICON_NAME = AppIcon;
				CODE_SIGN_ENTITLEMENTS = Apps/iOS/iOSApp.entitlements;
				CODE_SIGN_STYLE = Automatic;
				DEVELOPMENT_TEAM = "";
				INFOPLIST_FILE = Apps/iOS/Info.plist;
				LD_RUNPATH_SEARCH_PATHS = (
					"$(inherited)",
					"@executable_path/Frameworks",
				);
				PRODUCT_BUNDLE_IDENTIFIER = reggian.ios.availability;
				PRODUCT_NAME = "$(TARGET_NAME)";
				SWIFT_VERSION = 5.0;
				TARGETED_DEVICE_FAMILY = "1,2";
			};
			name = Release;
		};
		E17C5BAD237B574B00F953B8 /* Debug */ = {
			isa = XCBuildConfiguration;
			buildSettings = {
				CODE_SIGN_STYLE = Automatic;
				COMBINE_HIDPI_IMAGES = YES;
				DEFINES_MODULE = YES;
				DEVELOPMENT_TEAM = "";
				DYLIB_COMPATIBILITY_VERSION = 1;
				DYLIB_CURRENT_VERSION = 1;
				DYLIB_INSTALL_NAME_BASE = "@rpath";
				INFOPLIST_FILE = Availability/Info.plist;
				INSTALL_PATH = "$(LOCAL_LIBRARY_DIR)/Frameworks";
				LD_RUNPATH_SEARCH_PATHS = (
					"$(inherited)",
					"@executable_path/../Frameworks",
					"@loader_path/Frameworks",
				);
				MACOSX_DEPLOYMENT_TARGET = 10.14;
				PRODUCT_BUNDLE_IDENTIFIER = reggian.cocoa.Availability;
				PRODUCT_NAME = "$(TARGET_NAME:c99extidentifier)";
				SDKROOT = iphoneos;
				SKIP_INSTALL = YES;
				SWIFT_VERSION = 5.0;
				VERSION_INFO_PREFIX = "";
			};
			name = Debug;
		};
		E17C5BAE237B574B00F953B8 /* Release */ = {
			isa = XCBuildConfiguration;
			buildSettings = {
				CODE_SIGN_STYLE = Automatic;
				COMBINE_HIDPI_IMAGES = YES;
				DEFINES_MODULE = YES;
				DEVELOPMENT_TEAM = "";
				DYLIB_COMPATIBILITY_VERSION = 1;
				DYLIB_CURRENT_VERSION = 1;
				DYLIB_INSTALL_NAME_BASE = "@rpath";
				INFOPLIST_FILE = Availability/Info.plist;
				INSTALL_PATH = "$(LOCAL_LIBRARY_DIR)/Frameworks";
				LD_RUNPATH_SEARCH_PATHS = (
					"$(inherited)",
					"@executable_path/../Frameworks",
					"@loader_path/Frameworks",
				);
				MACOSX_DEPLOYMENT_TARGET = 10.14;
				PRODUCT_BUNDLE_IDENTIFIER = reggian.cocoa.Availability;
				PRODUCT_NAME = "$(TARGET_NAME:c99extidentifier)";
				SDKROOT = iphoneos;
				SKIP_INSTALL = YES;
				SWIFT_VERSION = 5.0;
				VERSION_INFO_PREFIX = "";
			};
			name = Release;
		};
/* End XCBuildConfiguration section */

/* Begin XCConfigurationList section */
		E1162E54237B588C0050A9F3 /* Build configuration list for PBXNativeTarget "Tests" */ = {
			isa = XCConfigurationList;
			buildConfigurations = (
				E1162E55237B588C0050A9F3 /* Debug */,
				E1162E56237B588C0050A9F3 /* Release */,
			);
			defaultConfigurationIsVisible = 0;
			defaultConfigurationName = Release;
		};
		E17C5A80237AF18000F953B8 /* Build configuration list for PBXProject "Availability" */ = {
			isa = XCConfigurationList;
			buildConfigurations = (
				E17C5AA2237AF18100F953B8 /* Debug */,
				E17C5AA3237AF18100F953B8 /* Release */,
			);
			defaultConfigurationIsVisible = 0;
			defaultConfigurationName = Release;
		};
		E17C5AA4237AF18100F953B8 /* Build configuration list for PBXNativeTarget "iOSApp" */ = {
			isa = XCConfigurationList;
			buildConfigurations = (
				E17C5AA5237AF18100F953B8 /* Debug */,
				E17C5AA6237AF18100F953B8 /* Release */,
			);
			defaultConfigurationIsVisible = 0;
			defaultConfigurationName = Release;
		};
		E17C5BAC237B574B00F953B8 /* Build configuration list for PBXNativeTarget "Availability" */ = {
			isa = XCConfigurationList;
			buildConfigurations = (
				E17C5BAD237B574B00F953B8 /* Debug */,
				E17C5BAE237B574B00F953B8 /* Release */,
			);
			defaultConfigurationIsVisible = 0;
			defaultConfigurationName = Release;
		};
/* End XCConfigurationList section */
	};
	rootObject = E17C5A7D237AF18000F953B8 /* Project object */;
}
